
Microsoft Visual Studio Solution File, Format Version 12.00
# Visual Studio Version 16
VisualStudioVersion = 16.0.31729.503
MinimumVisualStudioVersion = 10.0.40219.1
Project("{9A19103F-16F7-4668-BE54-9A1E7A4F7556}") = "COMSpike", "src\COMSpike.csproj", "{DF11D87F-5B9B-4AB6-AAAC-A7BC1AE8F2EB}"
EndProject
Global
	GlobalSection(SolutionConfigurationPlatforms) = preSolution
		Debug|Any CPU = Debug|Any CPU
		Release|Any CPU = Release|Any CPU
	EndGlobalSection
	GlobalSection(ProjectConfigurationPlatforms) = postSolution
		{DF11D87F-5B9B-4AB6-AAAC-A7BC1AE8F2EB}.Debug|Any CPU.ActiveCfg = Debug|Any CPU
		{DF11D87F-5B9B-4AB6-AAAC-A7BC1AE8F2EB}.Debug|Any CPU.Build.0 = Debug|Any CPU
		{DF11D87F-5B9B-4AB6-AAAC-A7BC1AE8F2EB}.Release|Any CPU.ActiveCfg = Release|Any CPU
		{DF11D87F-5B9B-4AB6-AAAC-A7BC1AE8F2EB}.Release|Any CPU.Build.0 = Release|Any CPU
	EndGlobalSection
	GlobalSection(SolutionProperties) = preSolution
		HideSolutionNode = FALSE
	EndGlobalSection
	GlobalSection(ExtensibilityGlobals) = postSolution
		SolutionGuid = {9EF71005-A9D4-45E4-9AEE-A2536C9FA648}
	EndGlobalSection
EndGlobal
